// !$*UTF8*$!
{
	archiveVersion = 1;
	classes = {
	};
	objectVersion = 46;
	objects = {

/* Begin PBXBuildFile section */
		9A0A8551188FCF3800655A22 /* util.c in Sources */ = {isa = PBXBuildFile; fileRef = 9A0A854F188FCF3800655A22 /* util.c */; };
		9A1646FD18F7BE86007D5B38 /* AudioUnitRecorder.mm in Sources */ = {isa = PBXBuildFile; fileRef = 9A1646FC18F7BE86007D5B38 /* AudioUnitRecorder.mm */; };
		9A20ADDA187FE99600A5FC37 /* AVFoundation.framework in Frameworks */ = {isa = PBXBuildFile; fileRef = 9A20ADD9187FE99600A5FC37 /* AVFoundation.framework */; };
		9A22F4BE18D1C34E008D0886 /* AudioUtilities.m in Sources */ = {isa = PBXBuildFile; fileRef = 9A22F4BD18D1C34E008D0886 /* AudioUtilities.m */; };
		9A2381231902D5CC00EC9A8C /* AudioGraphController.mm in Sources */ = {isa = PBXBuildFile; fileRef = 9A2381221902D5CC00EC9A8C /* AudioGraphController.mm */; };
		9A283CEC1902454C0050F0A3 /* AAC_12khz_Mono_5.aac in Resources */ = {isa = PBXBuildFile; fileRef = 9A283CEA1902454C0050F0A3 /* AAC_12khz_Mono_5.aac */; };
		9A283CED1902454C0050F0A3 /* test_mono_8000Hz_8bit_PCM.wav in Resources */ = {isa = PBXBuildFile; fileRef = 9A283CEB1902454C0050F0A3 /* test_mono_8000Hz_8bit_PCM.wav */; };
		9A283CF3190255E40050F0A3 /* icrt_0.m4a in Resources */ = {isa = PBXBuildFile; fileRef = 9A283CF2190255E40050F0A3 /* icrt_0.m4a */; };
		9A28FD44193326340061195A /* test_stereo_44100Hz_16bit_PCM.wav in Resources */ = {isa = PBXBuildFile; fileRef = 9A28FD43193326340061195A /* test_stereo_44100Hz_16bit_PCM.wav */; };
		9A2CA84B1900C4990075D6F6 /* DCRejectionFilter.cpp in Sources */ = {isa = PBXBuildFile; fileRef = 9A2CA84A1900C4990075D6F6 /* DCRejectionFilter.cpp */; };
		9A3E3C55194707BE00EF5B64 /* FFmpegUser.m in Sources */ = {isa = PBXBuildFile; fileRef = 9A3E3C53194707BE00EF5B64 /* FFmpegUser.m */; };
		9A69DA2418D003CC00C7FD58 /* libavcodec.a in Frameworks */ = {isa = PBXBuildFile; fileRef = 9A69DA1D18D003CC00C7FD58 /* libavcodec.a */; };
		9A69DA2518D003CC00C7FD58 /* libavdevice.a in Frameworks */ = {isa = PBXBuildFile; fileRef = 9A69DA1E18D003CC00C7FD58 /* libavdevice.a */; };
		9A69DA2618D003CC00C7FD58 /* libavfilter.a in Frameworks */ = {isa = PBXBuildFile; fileRef = 9A69DA1F18D003CC00C7FD58 /* libavfilter.a */; };
		9A69DA2718D003CC00C7FD58 /* libavformat.a in Frameworks */ = {isa = PBXBuildFile; fileRef = 9A69DA2018D003CC00C7FD58 /* libavformat.a */; };
		9A69DA2818D003CC00C7FD58 /* libavutil.a in Frameworks */ = {isa = PBXBuildFile; fileRef = 9A69DA2118D003CC00C7FD58 /* libavutil.a */; };
		9A69DA2918D003CC00C7FD58 /* libswresample.a in Frameworks */ = {isa = PBXBuildFile; fileRef = 9A69DA2218D003CC00C7FD58 /* libswresample.a */; };
		9A69DA2A18D003CC00C7FD58 /* libswscale.a in Frameworks */ = {isa = PBXBuildFile; fileRef = 9A69DA2318D003CC00C7FD58 /* libswscale.a */; };
		9A69DA2E18D0054F00C7FD58 /* libbz2.1.0.dylib in Frameworks */ = {isa = PBXBuildFile; fileRef = 9A69DA2D18D0054F00C7FD58 /* libbz2.1.0.dylib */; };
		9A69DA3018D0055F00C7FD58 /* libz.dylib in Frameworks */ = {isa = PBXBuildFile; fileRef = 9A69DA2F18D0055F00C7FD58 /* libz.dylib */; };
		9A7B335018D0058D0003B879 /* libiconv.dylib in Frameworks */ = {isa = PBXBuildFile; fileRef = 9A7B334F18D0058D0003B879 /* libiconv.dylib */; };
		9A7B335418D00AC60003B879 /* AudioConverterBufferConvert.mm in Sources */ = {isa = PBXBuildFile; fileRef = 9A7B335218D00AC60003B879 /* AudioConverterBufferConvert.mm */; };
		9A7B335E18D00AF20003B879 /* CAStreamBasicDescription.mm in Sources */ = {isa = PBXBuildFile; fileRef = 9A7B335918D00AF20003B879 /* CAStreamBasicDescription.mm */; };
		9A7B335F18D00AF20003B879 /* CAXException.mm in Sources */ = {isa = PBXBuildFile; fileRef = 9A7B335B18D00AF20003B879 /* CAXException.mm */; };
		9A7B336218D00BAB0003B879 /* MyUtilities.m in Sources */ = {isa = PBXBuildFile; fileRef = 9A7B336118D00BAB0003B879 /* MyUtilities.m */; };
		9A860458187BE29300BA82BA /* Foundation.framework in Frameworks */ = {isa = PBXBuildFile; fileRef = 9A860457187BE29300BA82BA /* Foundation.framework */; };
		9A86045A187BE29300BA82BA /* CoreGraphics.framework in Frameworks */ = {isa = PBXBuildFile; fileRef = 9A860459187BE29300BA82BA /* CoreGraphics.framework */; };
		9A86045C187BE29300BA82BA /* UIKit.framework in Frameworks */ = {isa = PBXBuildFile; fileRef = 9A86045B187BE29300BA82BA /* UIKit.framework */; };
		9A860462187BE29300BA82BA /* InfoPlist.strings in Resources */ = {isa = PBXBuildFile; fileRef = 9A860460187BE29300BA82BA /* InfoPlist.strings */; };
		9A860464187BE29300BA82BA /* main.m in Sources */ = {isa = PBXBuildFile; fileRef = 9A860463187BE29300BA82BA /* main.m */; };
		9A860468187BE29300BA82BA /* AppDelegate.m in Sources */ = {isa = PBXBuildFile; fileRef = 9A860467187BE29300BA82BA /* AppDelegate.m */; };
		9A86046B187BE29300BA82BA /* Main.storyboard in Resources */ = {isa = PBXBuildFile; fileRef = 9A860469187BE29300BA82BA /* Main.storyboard */; };
		9A86046E187BE29300BA82BA /* ViewController.m in Sources */ = {isa = PBXBuildFile; fileRef = 9A86046D187BE29300BA82BA /* ViewController.m */; };
		9A860470187BE29300BA82BA /* Images.xcassets in Resources */ = {isa = PBXBuildFile; fileRef = 9A86046F187BE29300BA82BA /* Images.xcassets */; };
		9A860477187BE29300BA82BA /* XCTest.framework in Frameworks */ = {isa = PBXBuildFile; fileRef = 9A860476187BE29300BA82BA /* XCTest.framework */; };
		9A860478187BE29300BA82BA /* Foundation.framework in Frameworks */ = {isa = PBXBuildFile; fileRef = 9A860457187BE29300BA82BA /* Foundation.framework */; };
		9A860479187BE29300BA82BA /* UIKit.framework in Frameworks */ = {isa = PBXBuildFile; fileRef = 9A86045B187BE29300BA82BA /* UIKit.framework */; };
		9A860481187BE29300BA82BA /* InfoPlist.strings in Resources */ = {isa = PBXBuildFile; fileRef = 9A86047F187BE29300BA82BA /* InfoPlist.strings */; };
		9A860483187BE29300BA82BA /* FFmpegAudioRecorderTests.m in Sources */ = {isa = PBXBuildFile; fileRef = 9A860482187BE29300BA82BA /* FFmpegAudioRecorderTests.m */; };
		9A86048D187BE4DC00BA82BA /* MicButton.png in Resources */ = {isa = PBXBuildFile; fileRef = 9A86048C187BE4DC00BA82BA /* MicButton.png */; };
		9A860499187BF27900BA82BA /* SetupEncodeFormatTableViewController.m in Sources */ = {isa = PBXBuildFile; fileRef = 9A860498187BF27900BA82BA /* SetupEncodeFormatTableViewController.m */; };
		9A86049E187C006400BA82BA /* SettingViewController.m in Sources */ = {isa = PBXBuildFile; fileRef = 9A86049D187C006400BA82BA /* SettingViewController.m */; };
		9A8604A1187C007800BA82BA /* SetupEncodeMethodViewController.m in Sources */ = {isa = PBXBuildFile; fileRef = 9A8604A0187C007800BA82BA /* SetupEncodeMethodViewController.m */; };
		9A8CF0201938843300EBEF87 /* AudioUnitPlayer.mm in Sources */ = {isa = PBXBuildFile; fileRef = 9A8CF01F1938843300EBEF87 /* AudioUnitPlayer.mm */; };
		9AC880D61947F50600F7D36B /* m4a_save.c in Sources */ = {isa = PBXBuildFile; fileRef = 9AC880D51947F50600F7D36B /* m4a_save.c */; };
		9AED6EDE1885365D00535C8B /* AudioToolbox.framework in Frameworks */ = {isa = PBXBuildFile; fileRef = 9AED6EDD1885365D00535C8B /* AudioToolbox.framework */; };
		9AED6EE218853B3F00535C8B /* AudioQueueRecorder.m in Sources */ = {isa = PBXBuildFile; fileRef = 9AED6EE118853B3F00535C8B /* AudioQueueRecorder.m */; };
		9AED6EE31885492100535C8B /* CoreAudio.framework in Frameworks */ = {isa = PBXBuildFile; fileRef = 9AED6EDF1885366700535C8B /* CoreAudio.framework */; };
		B216E6301936170400F15B28 /* CoreMedia.framework in Frameworks */ = {isa = PBXBuildFile; fileRef = B216E62F1936170400F15B28 /* CoreMedia.framework */; };
		B216E6321936170B00F15B28 /* MediaPlayer.framework in Frameworks */ = {isa = PBXBuildFile; fileRef = B216E6311936170B00F15B28 /* MediaPlayer.framework */; };
		B2620C1618C8BB78009109EF /* Pause64x64.png in Resources */ = {isa = PBXBuildFile; fileRef = B2620C1218C8BB78009109EF /* Pause64x64.png */; };
		B2620C1718C8BB78009109EF /* Pause64x64@2x.png in Resources */ = {isa = PBXBuildFile; fileRef = B2620C1318C8BB78009109EF /* Pause64x64@2x.png */; };
		B2620C1818C8BB78009109EF /* Play64x64.png in Resources */ = {isa = PBXBuildFile; fileRef = B2620C1418C8BB78009109EF /* Play64x64.png */; };
		B2620C1918C8BB78009109EF /* Play64x64@2x.png in Resources */ = {isa = PBXBuildFile; fileRef = B2620C1518C8BB78009109EF /* Play64x64@2x.png */; };
		B2620C1C18C8BBB7009109EF /* PlayDisabled64x64.png in Resources */ = {isa = PBXBuildFile; fileRef = B2620C1A18C8BBB7009109EF /* PlayDisabled64x64.png */; };
		B2620C1D18C8BBB7009109EF /* PlayDisabled64x64@2x.png in Resources */ = {isa = PBXBuildFile; fileRef = B2620C1B18C8BBB7009109EF /* PlayDisabled64x64@2x.png */; };
		B28821AA18C8D73800050222 /* AudioQueuePlayer.m in Sources */ = {isa = PBXBuildFile; fileRef = B28821A918C8D73800050222 /* AudioQueuePlayer.m */; };
		B28821B118C8D77700050222 /* TPCircularBuffer.c in Sources */ = {isa = PBXBuildFile; fileRef = B28821AD18C8D77700050222 /* TPCircularBuffer.c */; };
		B28821B218C8D77700050222 /* TPCircularBuffer+AudioBufferList.c in Sources */ = {isa = PBXBuildFile; fileRef = B28821AF18C8D77700050222 /* TPCircularBuffer+AudioBufferList.c */; };
/* End PBXBuildFile section */

/* Begin PBXContainerItemProxy section */
		9A86047A187BE29300BA82BA /* PBXContainerItemProxy */ = {
			isa = PBXContainerItemProxy;
			containerPortal = 9A86044C187BE29300BA82BA /* Project object */;
			proxyType = 1;
			remoteGlobalIDString = 9A860453187BE29300BA82BA;
			remoteInfo = FFmpegAudioRecorder;
		};
/* End PBXContainerItemProxy section */

/* Begin PBXFileReference section */
		9A0A854F188FCF3800655A22 /* util.c */ = {isa = PBXFileReference; fileEncoding = 4; lastKnownFileType = sourcecode.c.c; path = util.c; sourceTree = "<group>"; };
		9A0A8550188FCF3800655A22 /* util.h */ = {isa = PBXFileReference; fileEncoding = 4; lastKnownFileType = sourcecode.c.h; path = util.h; sourceTree = "<group>"; };
		9A1646FB18F7BE86007D5B38 /* AudioUnitRecorder.h */ = {isa = PBXFileReference; fileEncoding = 4; lastKnownFileType = sourcecode.c.h; path = AudioUnitRecorder.h; sourceTree = "<group>"; };
		9A1646FC18F7BE86007D5B38 /* AudioUnitRecorder.mm */ = {isa = PBXFileReference; fileEncoding = 4; lastKnownFileType = sourcecode.cpp.objcpp; path = AudioUnitRecorder.mm; sourceTree = "<group>"; };
		9A20ADD9187FE99600A5FC37 /* AVFoundation.framework */ = {isa = PBXFileReference; lastKnownFileType = wrapper.framework; name = AVFoundation.framework; path = System/Library/Frameworks/AVFoundation.framework; sourceTree = SDKROOT; };
		9A22F4BC18D1C34E008D0886 /* AudioUtilities.h */ = {isa = PBXFileReference; fileEncoding = 4; lastKnownFileType = sourcecode.c.h; path = AudioUtilities.h; sourceTree = "<group>"; };
		9A22F4BD18D1C34E008D0886 /* AudioUtilities.m */ = {isa = PBXFileReference; fileEncoding = 4; lastKnownFileType = sourcecode.c.objc; path = AudioUtilities.m; sourceTree = "<group>"; };
		9A2381211902D5CC00EC9A8C /* AudioGraphController.h */ = {isa = PBXFileReference; fileEncoding = 4; lastKnownFileType = sourcecode.c.h; path = AudioGraphController.h; sourceTree = "<group>"; };
		9A2381221902D5CC00EC9A8C /* AudioGraphController.mm */ = {isa = PBXFileReference; fileEncoding = 4; lastKnownFileType = sourcecode.cpp.objcpp; path = AudioGraphController.mm; sourceTree = "<group>"; };
		9A283CEA1902454C0050F0A3 /* AAC_12khz_Mono_5.aac */ = {isa = PBXFileReference; lastKnownFileType = file; path = AAC_12khz_Mono_5.aac; sourceTree = "<group>"; };
		9A283CEB1902454C0050F0A3 /* test_mono_8000Hz_8bit_PCM.wav */ = {isa = PBXFileReference; lastKnownFileType = audio.wav; path = test_mono_8000Hz_8bit_PCM.wav; sourceTree = "<group>"; };
		9A283CF2190255E40050F0A3 /* icrt_0.m4a */ = {isa = PBXFileReference; lastKnownFileType = file; name = icrt_0.m4a; path = ../icrt_0.m4a; sourceTree = "<group>"; };
		9A28FD43193326340061195A /* test_stereo_44100Hz_16bit_PCM.wav */ = {isa = PBXFileReference; lastKnownFileType = audio.wav; path = test_stereo_44100Hz_16bit_PCM.wav; sourceTree = "<group>"; };
		9A2CA8491900C4990075D6F6 /* DCRejectionFilter.h */ = {isa = PBXFileReference; fileEncoding = 4; lastKnownFileType = sourcecode.c.h; path = DCRejectionFilter.h; sourceTree = "<group>"; };
		9A2CA84A1900C4990075D6F6 /* DCRejectionFilter.cpp */ = {isa = PBXFileReference; fileEncoding = 4; lastKnownFileType = sourcecode.cpp.cpp; path = DCRejectionFilter.cpp; sourceTree = "<group>"; };
		9A34B47A1924964A00C30314 /* FFmpegAudioRecorder.entitlements */ = {isa = PBXFileReference; lastKnownFileType = text.xml; path = FFmpegAudioRecorder.entitlements; sourceTree = "<group>"; };
		9A3E3C53194707BE00EF5B64 /* FFmpegUser.m */ = {isa = PBXFileReference; fileEncoding = 4; lastKnownFileType = sourcecode.c.objc; name = FFmpegUser.m; path = ../FFmpegUser.m; sourceTree = "<group>"; };
		9A3E3C54194707BE00EF5B64 /* FFmpegUser.h */ = {isa = PBXFileReference; fileEncoding = 4; lastKnownFileType = sourcecode.c.h; name = FFmpegUser.h; path = ../FFmpegUser.h; sourceTree = "<group>"; };
		9A69DA1D18D003CC00C7FD58 /* libavcodec.a */ = {isa = PBXFileReference; lastKnownFileType = archive.ar; name = libavcodec.a; path = ffmpeg/compiled/i386/lib/libavcodec.a; sourceTree = SOURCE_ROOT; };
		9A69DA1E18D003CC00C7FD58 /* libavdevice.a */ = {isa = PBXFileReference; lastKnownFileType = archive.ar; name = libavdevice.a; path = ffmpeg/compiled/i386/lib/libavdevice.a; sourceTree = SOURCE_ROOT; };
		9A69DA1F18D003CC00C7FD58 /* libavfilter.a */ = {isa = PBXFileReference; lastKnownFileType = archive.ar; name = libavfilter.a; path = ffmpeg/compiled/i386/lib/libavfilter.a; sourceTree = SOURCE_ROOT; };
		9A69DA2018D003CC00C7FD58 /* libavformat.a */ = {isa = PBXFileReference; lastKnownFileType = archive.ar; name = libavformat.a; path = ffmpeg/compiled/i386/lib/libavformat.a; sourceTree = SOURCE_ROOT; };
		9A69DA2118D003CC00C7FD58 /* libavutil.a */ = {isa = PBXFileReference; lastKnownFileType = archive.ar; name = libavutil.a; path = ffmpeg/compiled/i386/lib/libavutil.a; sourceTree = SOURCE_ROOT; };
		9A69DA2218D003CC00C7FD58 /* libswresample.a */ = {isa = PBXFileReference; lastKnownFileType = archive.ar; name = libswresample.a; path = ffmpeg/compiled/i386/lib/libswresample.a; sourceTree = SOURCE_ROOT; };
		9A69DA2318D003CC00C7FD58 /* libswscale.a */ = {isa = PBXFileReference; lastKnownFileType = archive.ar; name = libswscale.a; path = ffmpeg/compiled/i386/lib/libswscale.a; sourceTree = SOURCE_ROOT; };
		9A69DA2B18D0054400C7FD58 /* libz.1.2.5.dylib */ = {isa = PBXFileReference; lastKnownFileType = "compiled.mach-o.dylib"; name = libz.1.2.5.dylib; path = usr/lib/libz.1.2.5.dylib; sourceTree = SDKROOT; };
		9A69DA2D18D0054F00C7FD58 /* libbz2.1.0.dylib */ = {isa = PBXFileReference; lastKnownFileType = "compiled.mach-o.dylib"; name = libbz2.1.0.dylib; path = usr/lib/libbz2.1.0.dylib; sourceTree = SDKROOT; };
		9A69DA2F18D0055F00C7FD58 /* libz.dylib */ = {isa = PBXFileReference; lastKnownFileType = "compiled.mach-o.dylib"; name = libz.dylib; path = usr/lib/libz.dylib; sourceTree = SDKROOT; };
		9A7B334F18D0058D0003B879 /* libiconv.dylib */ = {isa = PBXFileReference; lastKnownFileType = "compiled.mach-o.dylib"; name = libiconv.dylib; path = usr/lib/libiconv.dylib; sourceTree = SDKROOT; };
		9A7B335218D00AC60003B879 /* AudioConverterBufferConvert.mm */ = {isa = PBXFileReference; fileEncoding = 4; lastKnownFileType = sourcecode.cpp.objcpp; path = AudioConverterBufferConvert.mm; sourceTree = "<group>"; };
		9A7B335318D00AC60003B879 /* AudioConverterBufferConvert.h */ = {isa = PBXFileReference; fileEncoding = 4; lastKnownFileType = sourcecode.c.h; path = AudioConverterBufferConvert.h; sourceTree = "<group>"; };
		9A7B335618D00AF20003B879 /* CADebugPrintf.h */ = {isa = PBXFileReference; fileEncoding = 4; lastKnownFileType = sourcecode.c.h; path = CADebugPrintf.h; sourceTree = "<group>"; };
		9A7B335718D00AF20003B879 /* CAXException.h */ = {isa = PBXFileReference; fileEncoding = 4; lastKnownFileType = sourcecode.c.h; path = CAXException.h; sourceTree = "<group>"; };
		9A7B335818D00AF20003B879 /* CAMath.h */ = {isa = PBXFileReference; fileEncoding = 4; lastKnownFileType = sourcecode.c.h; path = CAMath.h; sourceTree = "<group>"; };
		9A7B335918D00AF20003B879 /* CAStreamBasicDescription.mm */ = {isa = PBXFileReference; fileEncoding = 4; lastKnownFileType = sourcecode.cpp.objcpp; path = CAStreamBasicDescription.mm; sourceTree = "<group>"; };
		9A7B335A18D00AF20003B879 /* CAStreamBasicDescription.h */ = {isa = PBXFileReference; fileEncoding = 4; lastKnownFileType = sourcecode.c.h; path = CAStreamBasicDescription.h; sourceTree = "<group>"; };
		9A7B335B18D00AF20003B879 /* CAXException.mm */ = {isa = PBXFileReference; fileEncoding = 4; lastKnownFileType = sourcecode.cpp.objcpp; path = CAXException.mm; sourceTree = "<group>"; };
		9A7B335C18D00AF20003B879 /* CAXException.h */ = {isa = PBXFileReference; fileEncoding = 4; lastKnownFileType = sourcecode.c.h; path = CAXException.h; sourceTree = "<group>"; };
		9A7B335D18D00AF20003B879 /* CADebugMacros.h */ = {isa = PBXFileReference; fileEncoding = 4; lastKnownFileType = sourcecode.c.h; path = CADebugMacros.h; sourceTree = "<group>"; };
		9A7B336018D00BAB0003B879 /* MyUtilities.h */ = {isa = PBXFileReference; fileEncoding = 4; lastKnownFileType = sourcecode.c.h; path = MyUtilities.h; sourceTree = "<group>"; };
		9A7B336118D00BAB0003B879 /* MyUtilities.m */ = {isa = PBXFileReference; fileEncoding = 4; lastKnownFileType = sourcecode.c.objc; path = MyUtilities.m; sourceTree = "<group>"; };
		9A860454187BE29300BA82BA /* FFmpegAudioRecorder.app */ = {isa = PBXFileReference; explicitFileType = wrapper.application; includeInIndex = 0; path = FFmpegAudioRecorder.app; sourceTree = BUILT_PRODUCTS_DIR; };
		9A860457187BE29300BA82BA /* Foundation.framework */ = {isa = PBXFileReference; lastKnownFileType = wrapper.framework; name = Foundation.framework; path = System/Library/Frameworks/Foundation.framework; sourceTree = SDKROOT; };
		9A860459187BE29300BA82BA /* CoreGraphics.framework */ = {isa = PBXFileReference; lastKnownFileType = wrapper.framework; name = CoreGraphics.framework; path = System/Library/Frameworks/CoreGraphics.framework; sourceTree = SDKROOT; };
		9A86045B187BE29300BA82BA /* UIKit.framework */ = {isa = PBXFileReference; lastKnownFileType = wrapper.framework; name = UIKit.framework; path = System/Library/Frameworks/UIKit.framework; sourceTree = SDKROOT; };
		9A86045F187BE29300BA82BA /* FFmpegAudioRecorder-Info.plist */ = {isa = PBXFileReference; lastKnownFileType = text.plist.xml; path = "FFmpegAudioRecorder-Info.plist"; sourceTree = "<group>"; };
		9A860461187BE29300BA82BA /* en */ = {isa = PBXFileReference; lastKnownFileType = text.plist.strings; name = en; path = en.lproj/InfoPlist.strings; sourceTree = "<group>"; };
		9A860463187BE29300BA82BA /* main.m */ = {isa = PBXFileReference; lastKnownFileType = sourcecode.c.objc; path = main.m; sourceTree = "<group>"; };
		9A860465187BE29300BA82BA /* FFmpegAudioRecorder-Prefix.pch */ = {isa = PBXFileReference; lastKnownFileType = sourcecode.c.h; path = "FFmpegAudioRecorder-Prefix.pch"; sourceTree = "<group>"; };
		9A860466187BE29300BA82BA /* AppDelegate.h */ = {isa = PBXFileReference; lastKnownFileType = sourcecode.c.h; path = AppDelegate.h; sourceTree = "<group>"; };
		9A860467187BE29300BA82BA /* AppDelegate.m */ = {isa = PBXFileReference; lastKnownFileType = sourcecode.c.objc; path = AppDelegate.m; sourceTree = "<group>"; };
		9A86046A187BE29300BA82BA /* Base */ = {isa = PBXFileReference; lastKnownFileType = file.storyboard; name = Base; path = Base.lproj/Main.storyboard; sourceTree = "<group>"; };
		9A86046C187BE29300BA82BA /* ViewController.h */ = {isa = PBXFileReference; lastKnownFileType = sourcecode.c.h; path = ViewController.h; sourceTree = "<group>"; };
		9A86046D187BE29300BA82BA /* ViewController.m */ = {isa = PBXFileReference; lastKnownFileType = sourcecode.c.objc; path = ViewController.m; sourceTree = "<group>"; };
		9A86046F187BE29300BA82BA /* Images.xcassets */ = {isa = PBXFileReference; lastKnownFileType = folder.assetcatalog; path = Images.xcassets; sourceTree = "<group>"; };
		9A860475187BE29300BA82BA /* FFmpegAudioRecorderTests.xctest */ = {isa = PBXFileReference; explicitFileType = wrapper.cfbundle; includeInIndex = 0; path = FFmpegAudioRecorderTests.xctest; sourceTree = BUILT_PRODUCTS_DIR; };
		9A860476187BE29300BA82BA /* XCTest.framework */ = {isa = PBXFileReference; lastKnownFileType = wrapper.framework; name = XCTest.framework; path = Library/Frameworks/XCTest.framework; sourceTree = DEVELOPER_DIR; };
		9A86047E187BE29300BA82BA /* FFmpegAudioRecorderTests-Info.plist */ = {isa = PBXFileReference; lastKnownFileType = text.plist.xml; path = "FFmpegAudioRecorderTests-Info.plist"; sourceTree = "<group>"; };
		9A860480187BE29300BA82BA /* en */ = {isa = PBXFileReference; lastKnownFileType = text.plist.strings; name = en; path = en.lproj/InfoPlist.strings; sourceTree = "<group>"; };
		9A860482187BE29300BA82BA /* FFmpegAudioRecorderTests.m */ = {isa = PBXFileReference; lastKnownFileType = sourcecode.c.objc; path = FFmpegAudioRecorderTests.m; sourceTree = "<group>"; };
		9A86048C187BE4DC00BA82BA /* MicButton.png */ = {isa = PBXFileReference; lastKnownFileType = image.png; path = MicButton.png; sourceTree = "<group>"; };
		9A860497187BF27900BA82BA /* SetupEncodeFormatTableViewController.h */ = {isa = PBXFileReference; fileEncoding = 4; lastKnownFileType = sourcecode.c.h; name = SetupEncodeFormatTableViewController.h; path = ../SetupEncodeFormatTableViewController.h; sourceTree = "<group>"; };
		9A860498187BF27900BA82BA /* SetupEncodeFormatTableViewController.m */ = {isa = PBXFileReference; fileEncoding = 4; lastKnownFileType = sourcecode.c.objc; name = SetupEncodeFormatTableViewController.m; path = ../SetupEncodeFormatTableViewController.m; sourceTree = "<group>"; };
		9A86049C187C006400BA82BA /* SettingViewController.h */ = {isa = PBXFileReference; fileEncoding = 4; lastKnownFileType = sourcecode.c.h; name = SettingViewController.h; path = ../SettingViewController.h; sourceTree = "<group>"; };
		9A86049D187C006400BA82BA /* SettingViewController.m */ = {isa = PBXFileReference; fileEncoding = 4; lastKnownFileType = sourcecode.c.objc; name = SettingViewController.m; path = ../SettingViewController.m; sourceTree = "<group>"; };
		9A86049F187C007800BA82BA /* SetupEncodeMethodViewController.h */ = {isa = PBXFileReference; fileEncoding = 4; lastKnownFileType = sourcecode.c.h; name = SetupEncodeMethodViewController.h; path = ../SetupEncodeMethodViewController.h; sourceTree = "<group>"; };
		9A8604A0187C007800BA82BA /* SetupEncodeMethodViewController.m */ = {isa = PBXFileReference; fileEncoding = 4; lastKnownFileType = sourcecode.c.objc; name = SetupEncodeMethodViewController.m; path = ../SetupEncodeMethodViewController.m; sourceTree = "<group>"; };
		9A8604A2187C084600BA82BA /* AudioQueueRecorder.h */ = {isa = PBXFileReference; lastKnownFileType = sourcecode.c.h; path = AudioQueueRecorder.h; sourceTree = "<group>"; };
		9A8CF01E1938843300EBEF87 /* AudioUnitPlayer.h */ = {isa = PBXFileReference; fileEncoding = 4; lastKnownFileType = sourcecode.c.h; path = AudioUnitPlayer.h; sourceTree = "<group>"; };
		9A8CF01F1938843300EBEF87 /* AudioUnitPlayer.mm */ = {isa = PBXFileReference; fileEncoding = 4; lastKnownFileType = sourcecode.cpp.objcpp; path = AudioUnitPlayer.mm; sourceTree = "<group>"; };
		9AC880D41947F50600F7D36B /* m4a_save.h */ = {isa = PBXFileReference; fileEncoding = 4; lastKnownFileType = sourcecode.c.h; path = m4a_save.h; sourceTree = "<group>"; };
		9AC880D51947F50600F7D36B /* m4a_save.c */ = {isa = PBXFileReference; fileEncoding = 4; lastKnownFileType = sourcecode.c.c; path = m4a_save.c; sourceTree = "<group>"; };
		9AED6EDD1885365D00535C8B /* AudioToolbox.framework */ = {isa = PBXFileReference; lastKnownFileType = wrapper.framework; name = AudioToolbox.framework; path = System/Library/Frameworks/AudioToolbox.framework; sourceTree = SDKROOT; };
		9AED6EDF1885366700535C8B /* CoreAudio.framework */ = {isa = PBXFileReference; lastKnownFileType = wrapper.framework; name = CoreAudio.framework; path = System/Library/Frameworks/CoreAudio.framework; sourceTree = SDKROOT; };
		9AED6EE118853B3F00535C8B /* AudioQueueRecorder.m */ = {isa = PBXFileReference; fileEncoding = 4; lastKnownFileType = sourcecode.c.objc; path = AudioQueueRecorder.m; sourceTree = "<group>"; };
		B216E62F1936170400F15B28 /* CoreMedia.framework */ = {isa = PBXFileReference; lastKnownFileType = wrapper.framework; name = CoreMedia.framework; path = System/Library/Frameworks/CoreMedia.framework; sourceTree = SDKROOT; };
		B216E6311936170B00F15B28 /* MediaPlayer.framework */ = {isa = PBXFileReference; lastKnownFileType = wrapper.framework; name = MediaPlayer.framework; path = System/Library/Frameworks/MediaPlayer.framework; sourceTree = SDKROOT; };
		B216E6331936223200F15B28 /* Notifications.h */ = {isa = PBXFileReference; lastKnownFileType = sourcecode.c.h; path = Notifications.h; sourceTree = "<group>"; };
		B2620C1218C8BB78009109EF /* Pause64x64.png */ = {isa = PBXFileReference; lastKnownFileType = image.png; path = Pause64x64.png; sourceTree = "<group>"; };
		B2620C1318C8BB78009109EF /* Pause64x64@2x.png */ = {isa = PBXFileReference; lastKnownFileType = image.png; path = "Pause64x64@2x.png"; sourceTree = "<group>"; };
		B2620C1418C8BB78009109EF /* Play64x64.png */ = {isa = PBXFileReference; lastKnownFileType = image.png; path = Play64x64.png; sourceTree = "<group>"; };
		B2620C1518C8BB78009109EF /* Play64x64@2x.png */ = {isa = PBXFileReference; lastKnownFileType = image.png; path = "Play64x64@2x.png"; sourceTree = "<group>"; };
		B2620C1A18C8BBB7009109EF /* PlayDisabled64x64.png */ = {isa = PBXFileReference; lastKnownFileType = image.png; path = PlayDisabled64x64.png; sourceTree = "<group>"; };
		B2620C1B18C8BBB7009109EF /* PlayDisabled64x64@2x.png */ = {isa = PBXFileReference; lastKnownFileType = image.png; path = "PlayDisabled64x64@2x.png"; sourceTree = "<group>"; };
		B28821A818C8D73800050222 /* AudioQueuePlayer.h */ = {isa = PBXFileReference; fileEncoding = 4; lastKnownFileType = sourcecode.c.h; path = AudioQueuePlayer.h; sourceTree = "<group>"; };
		B28821A918C8D73800050222 /* AudioQueuePlayer.m */ = {isa = PBXFileReference; fileEncoding = 4; lastKnownFileType = sourcecode.c.objc; path = AudioQueuePlayer.m; sourceTree = "<group>"; };
		B28821AD18C8D77700050222 /* TPCircularBuffer.c */ = {isa = PBXFileReference; fileEncoding = 4; lastKnownFileType = sourcecode.c.c; path = TPCircularBuffer.c; sourceTree = "<group>"; };
		B28821AE18C8D77700050222 /* TPCircularBuffer.h */ = {isa = PBXFileReference; fileEncoding = 4; lastKnownFileType = sourcecode.c.h; path = TPCircularBuffer.h; sourceTree = "<group>"; };
		B28821AF18C8D77700050222 /* TPCircularBuffer+AudioBufferList.c */ = {isa = PBXFileReference; fileEncoding = 4; lastKnownFileType = sourcecode.c.c; path = "TPCircularBuffer+AudioBufferList.c"; sourceTree = "<group>"; };
		B28821B018C8D77700050222 /* TPCircularBuffer+AudioBufferList.h */ = {isa = PBXFileReference; fileEncoding = 4; lastKnownFileType = sourcecode.c.h; path = "TPCircularBuffer+AudioBufferList.h"; sourceTree = "<group>"; };
/* End PBXFileReference section */

/* Begin PBXFrameworksBuildPhase section */
		9A860451187BE29300BA82BA /* Frameworks */ = {
			isa = PBXFrameworksBuildPhase;
			buildActionMask = 2147483647;
			files = (
				B216E6321936170B00F15B28 /* MediaPlayer.framework in Frameworks */,
				B216E6301936170400F15B28 /* CoreMedia.framework in Frameworks */,
				9A7B335018D0058D0003B879 /* libiconv.dylib in Frameworks */,
				9A69DA3018D0055F00C7FD58 /* libz.dylib in Frameworks */,
				9A69DA2E18D0054F00C7FD58 /* libbz2.1.0.dylib in Frameworks */,
				9A69DA2618D003CC00C7FD58 /* libavfilter.a in Frameworks */,
				9A69DA2718D003CC00C7FD58 /* libavformat.a in Frameworks */,
				9A69DA2918D003CC00C7FD58 /* libswresample.a in Frameworks */,
				9A69DA2818D003CC00C7FD58 /* libavutil.a in Frameworks */,
				9A69DA2518D003CC00C7FD58 /* libavdevice.a in Frameworks */,
				9AED6EE31885492100535C8B /* CoreAudio.framework in Frameworks */,
				9AED6EDE1885365D00535C8B /* AudioToolbox.framework in Frameworks */,
				9A20ADDA187FE99600A5FC37 /* AVFoundation.framework in Frameworks */,
				9A86045A187BE29300BA82BA /* CoreGraphics.framework in Frameworks */,
				9A86045C187BE29300BA82BA /* UIKit.framework in Frameworks */,
				9A69DA2A18D003CC00C7FD58 /* libswscale.a in Frameworks */,
				9A69DA2418D003CC00C7FD58 /* libavcodec.a in Frameworks */,
				9A860458187BE29300BA82BA /* Foundation.framework in Frameworks */,
			);
			runOnlyForDeploymentPostprocessing = 0;
		};
		9A860472187BE29300BA82BA /* Frameworks */ = {
			isa = PBXFrameworksBuildPhase;
			buildActionMask = 2147483647;
			files = (
				9A860477187BE29300BA82BA /* XCTest.framework in Frameworks */,
				9A860479187BE29300BA82BA /* UIKit.framework in Frameworks */,
				9A860478187BE29300BA82BA /* Foundation.framework in Frameworks */,
			);
			runOnlyForDeploymentPostprocessing = 0;
		};
/* End PBXFrameworksBuildPhase section */

/* Begin PBXGroup section */
		9A0A854E188FCF0F00655A22 /* utility */ = {
			isa = PBXGroup;
			children = (
				9A0A854F188FCF3800655A22 /* util.c */,
				9A0A8550188FCF3800655A22 /* util.h */,
			);
			name = utility;
			sourceTree = "<group>";
		};
		9A28FD421932DB830061195A /* audioGraph */ = {
			isa = PBXGroup;
			children = (
				9A2381211902D5CC00EC9A8C /* AudioGraphController.h */,
				9A2381221902D5CC00EC9A8C /* AudioGraphController.mm */,
			);
			name = audioGraph;
			sourceTree = "<group>";
		};
		9A69DA0018D002F600C7FD58 /* ffmpeg */ = {
			isa = PBXGroup;
			children = (
				9AC880D41947F50600F7D36B /* m4a_save.h */,
				9AC880D51947F50600F7D36B /* m4a_save.c */,
				9A3E3C53194707BE00EF5B64 /* FFmpegUser.m */,
				9A3E3C54194707BE00EF5B64 /* FFmpegUser.h */,
				9A69DA1D18D003CC00C7FD58 /* libavcodec.a */,
				9A69DA1E18D003CC00C7FD58 /* libavdevice.a */,
				9A69DA1F18D003CC00C7FD58 /* libavfilter.a */,
				9A69DA2018D003CC00C7FD58 /* libavformat.a */,
				9A69DA2118D003CC00C7FD58 /* libavutil.a */,
				9A69DA2218D003CC00C7FD58 /* libswresample.a */,
				9A69DA2318D003CC00C7FD58 /* libswscale.a */,
			);
			name = ffmpeg;
			sourceTree = "<group>";
		};
		9A7B335118D00AB20003B879 /* audioConverter */ = {
			isa = PBXGroup;
			children = (
				9A7B335218D00AC60003B879 /* AudioConverterBufferConvert.mm */,
				9A7B335318D00AC60003B879 /* AudioConverterBufferConvert.h */,
			);
			name = audioConverter;
			sourceTree = "<group>";
		};
		9A7B335518D00AE60003B879 /* PublicUtility */ = {
			isa = PBXGroup;
			children = (
				9A7B335618D00AF20003B879 /* CADebugPrintf.h */,
				9A7B335718D00AF20003B879 /* CAXException.h */,
				9A7B335818D00AF20003B879 /* CAMath.h */,
				9A7B335918D00AF20003B879 /* CAStreamBasicDescription.mm */,
				9A7B335A18D00AF20003B879 /* CAStreamBasicDescription.h */,
				9A7B335B18D00AF20003B879 /* CAXException.mm */,
				9A7B335C18D00AF20003B879 /* CAXException.h */,
				9A7B335D18D00AF20003B879 /* CADebugMacros.h */,
			);
			name = PublicUtility;
			sourceTree = "<group>";
		};
		9A86044B187BE29300BA82BA = {
			isa = PBXGroup;
			children = (
				9A86045D187BE29300BA82BA /* FFmpegAudioRecorder */,
				9A86047C187BE29300BA82BA /* FFmpegAudioRecorderTests */,
				9A860456187BE29300BA82BA /* Frameworks */,
				9A860455187BE29300BA82BA /* Products */,
			);
			sourceTree = "<group>";
		};
		9A860455187BE29300BA82BA /* Products */ = {
			isa = PBXGroup;
			children = (
				9A860454187BE29300BA82BA /* FFmpegAudioRecorder.app */,
				9A860475187BE29300BA82BA /* FFmpegAudioRecorderTests.xctest */,
			);
			name = Products;
			sourceTree = "<group>";
		};
		9A860456187BE29300BA82BA /* Frameworks */ = {
			isa = PBXGroup;
			children = (
				B216E6311936170B00F15B28 /* MediaPlayer.framework */,
				B216E62F1936170400F15B28 /* CoreMedia.framework */,
				9A7B334F18D0058D0003B879 /* libiconv.dylib */,
				9A69DA2F18D0055F00C7FD58 /* libz.dylib */,
				9A69DA2D18D0054F00C7FD58 /* libbz2.1.0.dylib */,
				9A69DA2B18D0054400C7FD58 /* libz.1.2.5.dylib */,
				9AED6EDF1885366700535C8B /* CoreAudio.framework */,
				9AED6EDD1885365D00535C8B /* AudioToolbox.framework */,
				9A20ADD9187FE99600A5FC37 /* AVFoundation.framework */,
				9A860457187BE29300BA82BA /* Foundation.framework */,
				9A860459187BE29300BA82BA /* CoreGraphics.framework */,
				9A86045B187BE29300BA82BA /* UIKit.framework */,
				9A860476187BE29300BA82BA /* XCTest.framework */,
			);
			name = Frameworks;
			sourceTree = "<group>";
		};
		9A86045D187BE29300BA82BA /* FFmpegAudioRecorder */ = {
			isa = PBXGroup;
			children = (
				9A28FD421932DB830061195A /* audioGraph */,
				9A34B47A1924964A00C30314 /* FFmpegAudioRecorder.entitlements */,
				9AC4F8D418D2ACAF00198AD5 /* audioUnit */,
				9A22F4BC18D1C34E008D0886 /* AudioUtilities.h */,
				9A22F4BD18D1C34E008D0886 /* AudioUtilities.m */,
				9A7B336018D00BAB0003B879 /* MyUtilities.h */,
				9A7B336118D00BAB0003B879 /* MyUtilities.m */,
				B28821AB18C8D73D00050222 /* audioQueuePlayer */,
				9AED6EE41886346800535C8B /* audioQueueRecorder */,
				9A7B335118D00AB20003B879 /* audioConverter */,
				9A7B335518D00AE60003B879 /* PublicUtility */,
				9A69DA0018D002F600C7FD58 /* ffmpeg */,
				B28821AC18C8D76500050222 /* TPCircularBuffer */,
				9A0A854E188FCF0F00655A22 /* utility */,
				9A86049F187C007800BA82BA /* SetupEncodeMethodViewController.h */,
				B216E6331936223200F15B28 /* Notifications.h */,
				9A8604A0187C007800BA82BA /* SetupEncodeMethodViewController.m */,
				9A86049C187C006400BA82BA /* SettingViewController.h */,
				9A86049D187C006400BA82BA /* SettingViewController.m */,
				9A860497187BF27900BA82BA /* SetupEncodeFormatTableViewController.h */,
				9A860498187BF27900BA82BA /* SetupEncodeFormatTableViewController.m */,
				9A860466187BE29300BA82BA /* AppDelegate.h */,
				9A860467187BE29300BA82BA /* AppDelegate.m */,
				9A860469187BE29300BA82BA /* Main.storyboard */,
				9A86046C187BE29300BA82BA /* ViewController.h */,
				9A86046D187BE29300BA82BA /* ViewController.m */,
				9A86046F187BE29300BA82BA /* Images.xcassets */,
				9A86045E187BE29300BA82BA /* Supporting Files */,
			);
			path = FFmpegAudioRecorder;
			sourceTree = "<group>";
		};
		9A86045E187BE29300BA82BA /* Supporting Files */ = {
			isa = PBXGroup;
			children = (
				9A28FD43193326340061195A /* test_stereo_44100Hz_16bit_PCM.wav */,
				9A283CF2190255E40050F0A3 /* icrt_0.m4a */,
				9A283CEA1902454C0050F0A3 /* AAC_12khz_Mono_5.aac */,
				9A283CEB1902454C0050F0A3 /* test_mono_8000Hz_8bit_PCM.wav */,
				B2620C1A18C8BBB7009109EF /* PlayDisabled64x64.png */,
				B2620C1B18C8BBB7009109EF /* PlayDisabled64x64@2x.png */,
				B2620C1218C8BB78009109EF /* Pause64x64.png */,
				B2620C1318C8BB78009109EF /* Pause64x64@2x.png */,
				B2620C1418C8BB78009109EF /* Play64x64.png */,
				B2620C1518C8BB78009109EF /* Play64x64@2x.png */,
				9A86048C187BE4DC00BA82BA /* MicButton.png */,
				9A86045F187BE29300BA82BA /* FFmpegAudioRecorder-Info.plist */,
				9A860460187BE29300BA82BA /* InfoPlist.strings */,
				9A860463187BE29300BA82BA /* main.m */,
				9A860465187BE29300BA82BA /* FFmpegAudioRecorder-Prefix.pch */,
			);
			name = "Supporting Files";
			sourceTree = "<group>";
		};
		9A86047C187BE29300BA82BA /* FFmpegAudioRecorderTests */ = {
			isa = PBXGroup;
			children = (
				9A860482187BE29300BA82BA /* FFmpegAudioRecorderTests.m */,
				9A86047D187BE29300BA82BA /* Supporting Files */,
			);
			path = FFmpegAudioRecorderTests;
			sourceTree = "<group>";
		};
		9A86047D187BE29300BA82BA /* Supporting Files */ = {
			isa = PBXGroup;
			children = (
				9A86047E187BE29300BA82BA /* FFmpegAudioRecorderTests-Info.plist */,
				9A86047F187BE29300BA82BA /* InfoPlist.strings */,
			);
			name = "Supporting Files";
			sourceTree = "<group>";
		};
		9AC4F8D418D2ACAF00198AD5 /* audioUnit */ = {
			isa = PBXGroup;
			children = (
				9A8CF01E1938843300EBEF87 /* AudioUnitPlayer.h */,
				9A8CF01F1938843300EBEF87 /* AudioUnitPlayer.mm */,
				9A2CA8491900C4990075D6F6 /* DCRejectionFilter.h */,
				9A2CA84A1900C4990075D6F6 /* DCRejectionFilter.cpp */,
				9A1646FB18F7BE86007D5B38 /* AudioUnitRecorder.h */,
				9A1646FC18F7BE86007D5B38 /* AudioUnitRecorder.mm */,
			);
			name = audioUnit;
			sourceTree = "<group>";
		};
		9AED6EE41886346800535C8B /* audioQueueRecorder */ = {
			isa = PBXGroup;
			children = (
				9A8604A2187C084600BA82BA /* AudioQueueRecorder.h */,
				9AED6EE118853B3F00535C8B /* AudioQueueRecorder.m */,
			);
			name = audioQueueRecorder;
			sourceTree = "<group>";
		};
		B28821AB18C8D73D00050222 /* audioQueuePlayer */ = {
			isa = PBXGroup;
			children = (
				B28821A818C8D73800050222 /* AudioQueuePlayer.h */,
				B28821A918C8D73800050222 /* AudioQueuePlayer.m */,
			);
			name = audioQueuePlayer;
			sourceTree = "<group>";
		};
		B28821AC18C8D76500050222 /* TPCircularBuffer */ = {
			isa = PBXGroup;
			children = (
				B28821AD18C8D77700050222 /* TPCircularBuffer.c */,
				B28821AE18C8D77700050222 /* TPCircularBuffer.h */,
				B28821AF18C8D77700050222 /* TPCircularBuffer+AudioBufferList.c */,
				B28821B018C8D77700050222 /* TPCircularBuffer+AudioBufferList.h */,
			);
			name = TPCircularBuffer;
			sourceTree = "<group>";
		};
/* End PBXGroup section */

/* Begin PBXNativeTarget section */
		9A860453187BE29300BA82BA /* FFmpegAudioRecorder */ = {
			isa = PBXNativeTarget;
			buildConfigurationList = 9A860486187BE29300BA82BA /* Build configuration list for PBXNativeTarget "FFmpegAudioRecorder" */;
			buildPhases = (
				9A860450187BE29300BA82BA /* Sources */,
				9A860451187BE29300BA82BA /* Frameworks */,
				9A860452187BE29300BA82BA /* Resources */,
			);
			buildRules = (
			);
			dependencies = (
			);
			name = FFmpegAudioRecorder;
			productName = FFmpegAudioRecorder;
			productReference = 9A860454187BE29300BA82BA /* FFmpegAudioRecorder.app */;
			productType = "com.apple.product-type.application";
		};
		9A860474187BE29300BA82BA /* FFmpegAudioRecorderTests */ = {
			isa = PBXNativeTarget;
			buildConfigurationList = 9A860489187BE29300BA82BA /* Build configuration list for PBXNativeTarget "FFmpegAudioRecorderTests" */;
			buildPhases = (
				9A860471187BE29300BA82BA /* Sources */,
				9A860472187BE29300BA82BA /* Frameworks */,
				9A860473187BE29300BA82BA /* Resources */,
			);
			buildRules = (
			);
			dependencies = (
				9A86047B187BE29300BA82BA /* PBXTargetDependency */,
			);
			name = FFmpegAudioRecorderTests;
			productName = FFmpegAudioRecorderTests;
			productReference = 9A860475187BE29300BA82BA /* FFmpegAudioRecorderTests.xctest */;
			productType = "com.apple.product-type.bundle.unit-test";
		};
/* End PBXNativeTarget section */

/* Begin PBXProject section */
		9A86044C187BE29300BA82BA /* Project object */ = {
			isa = PBXProject;
			attributes = {
				LastUpgradeCheck = 0510;
				ORGANIZATIONNAME = "Liao KuoHsun";
				TargetAttributes = {
					9A860453187BE29300BA82BA = {
						DevelopmentTeam = 7GD32M775H;
						SystemCapabilities = {
							com.apple.BackgroundModes = {
								enabled = 1;
							};
							com.apple.InterAppAudio = {
								enabled = 1;
							};
						};
					};
					9A860474187BE29300BA82BA = {
						TestTargetID = 9A860453187BE29300BA82BA;
					};
				};
			};
			buildConfigurationList = 9A86044F187BE29300BA82BA /* Build configuration list for PBXProject "FFmpegAudioRecorder" */;
			compatibilityVersion = "Xcode 3.2";
			developmentRegion = English;
			hasScannedForEncodings = 0;
			knownRegions = (
				en,
				Base,
			);
			mainGroup = 9A86044B187BE29300BA82BA;
			productRefGroup = 9A860455187BE29300BA82BA /* Products */;
			projectDirPath = "";
			projectRoot = "";
			targets = (
				9A860453187BE29300BA82BA /* FFmpegAudioRecorder */,
				9A860474187BE29300BA82BA /* FFmpegAudioRecorderTests */,
			);
		};
/* End PBXProject section */

/* Begin PBXResourcesBuildPhase section */
		9A860452187BE29300BA82BA /* Resources */ = {
			isa = PBXResourcesBuildPhase;
			buildActionMask = 2147483647;
			files = (
				9A28FD44193326340061195A /* test_stereo_44100Hz_16bit_PCM.wav in Resources */,
				9A860470187BE29300BA82BA /* Images.xcassets in Resources */,
				B2620C1918C8BB78009109EF /* Play64x64@2x.png in Resources */,
				B2620C1618C8BB78009109EF /* Pause64x64.png in Resources */,
				B2620C1818C8BB78009109EF /* Play64x64.png in Resources */,
				9A860462187BE29300BA82BA /* InfoPlist.strings in Resources */,
				9A283CF3190255E40050F0A3 /* icrt_0.m4a in Resources */,
				B2620C1D18C8BBB7009109EF /* PlayDisabled64x64@2x.png in Resources */,
				9A86048D187BE4DC00BA82BA /* MicButton.png in Resources */,
				9A283CED1902454C0050F0A3 /* test_mono_8000Hz_8bit_PCM.wav in Resources */,
				B2620C1C18C8BBB7009109EF /* PlayDisabled64x64.png in Resources */,
				B2620C1718C8BB78009109EF /* Pause64x64@2x.png in Resources */,
				9A86046B187BE29300BA82BA /* Main.storyboard in Resources */,
				9A283CEC1902454C0050F0A3 /* AAC_12khz_Mono_5.aac in Resources */,
			);
			runOnlyForDeploymentPostprocessing = 0;
		};
		9A860473187BE29300BA82BA /* Resources */ = {
			isa = PBXResourcesBuildPhase;
			buildActionMask = 2147483647;
			files = (
				9A860481187BE29300BA82BA /* InfoPlist.strings in Resources */,
			);
			runOnlyForDeploymentPostprocessing = 0;
		};
/* End PBXResourcesBuildPhase section */

/* Begin PBXSourcesBuildPhase section */
		9A860450187BE29300BA82BA /* Sources */ = {
			isa = PBXSourcesBuildPhase;
			buildActionMask = 2147483647;
			files = (
				9A860499187BF27900BA82BA /* SetupEncodeFormatTableViewController.m in Sources */,
				B28821AA18C8D73800050222 /* AudioQueuePlayer.m in Sources */,
				9A86046E187BE29300BA82BA /* ViewController.m in Sources */,
				9A3E3C55194707BE00EF5B64 /* FFmpegUser.m in Sources */,
				9A7B335418D00AC60003B879 /* AudioConverterBufferConvert.mm in Sources */,
				9AED6EE218853B3F00535C8B /* AudioQueueRecorder.m in Sources */,
				B28821B218C8D77700050222 /* TPCircularBuffer+AudioBufferList.c in Sources */,
				9A2CA84B1900C4990075D6F6 /* DCRejectionFilter.cpp in Sources */,
				9A7B335F18D00AF20003B879 /* CAXException.mm in Sources */,
				9A7B336218D00BAB0003B879 /* MyUtilities.m in Sources */,
				9A860468187BE29300BA82BA /* AppDelegate.m in Sources */,
				9A22F4BE18D1C34E008D0886 /* AudioUtilities.m in Sources */,
				9A860464187BE29300BA82BA /* main.m in Sources */,
				9A0A8551188FCF3800655A22 /* util.c in Sources */,
				9A8CF0201938843300EBEF87 /* AudioUnitPlayer.mm in Sources */,
				9A2381231902D5CC00EC9A8C /* AudioGraphController.mm in Sources */,
				9A1646FD18F7BE86007D5B38 /* AudioUnitRecorder.mm in Sources */,
				9AC880D61947F50600F7D36B /* m4a_save.c in Sources */,
				9A86049E187C006400BA82BA /* SettingViewController.m in Sources */,
				9A7B335E18D00AF20003B879 /* CAStreamBasicDescription.mm in Sources */,
				B28821B118C8D77700050222 /* TPCircularBuffer.c in Sources */,
				9A8604A1187C007800BA82BA /* SetupEncodeMethodViewController.m in Sources */,
			);
			runOnlyForDeploymentPostprocessing = 0;
		};
		9A860471187BE29300BA82BA /* Sources */ = {
			isa = PBXSourcesBuildPhase;
			buildActionMask = 2147483647;
			files = (
				9A860483187BE29300BA82BA /* FFmpegAudioRecorderTests.m in Sources */,
			);
			runOnlyForDeploymentPostprocessing = 0;
		};
/* End PBXSourcesBuildPhase section */

/* Begin PBXTargetDependency section */
		9A86047B187BE29300BA82BA /* PBXTargetDependency */ = {
			isa = PBXTargetDependency;
			target = 9A860453187BE29300BA82BA /* FFmpegAudioRecorder */;
			targetProxy = 9A86047A187BE29300BA82BA /* PBXContainerItemProxy */;
		};
/* End PBXTargetDependency section */

/* Begin PBXVariantGroup section */
		9A860460187BE29300BA82BA /* InfoPlist.strings */ = {
			isa = PBXVariantGroup;
			children = (
				9A860461187BE29300BA82BA /* en */,
			);
			name = InfoPlist.strings;
			sourceTree = "<group>";
		};
		9A860469187BE29300BA82BA /* Main.storyboard */ = {
			isa = PBXVariantGroup;
			children = (
				9A86046A187BE29300BA82BA /* Base */,
			);
			name = Main.storyboard;
			sourceTree = "<group>";
		};
		9A86047F187BE29300BA82BA /* InfoPlist.strings */ = {
			isa = PBXVariantGroup;
			children = (
				9A860480187BE29300BA82BA /* en */,
			);
			name = InfoPlist.strings;
			sourceTree = "<group>";
		};
/* End PBXVariantGroup section */

/* Begin XCBuildConfiguration section */
		9A860484187BE29300BA82BA /* Debug */ = {
			isa = XCBuildConfiguration;
			buildSettings = {
				ALWAYS_SEARCH_USER_PATHS = NO;
				CLANG_CXX_LANGUAGE_STANDARD = "gnu++0x";
				CLANG_CXX_LIBRARY = "libc++";
				CLANG_ENABLE_MODULES = YES;
				CLANG_ENABLE_OBJC_ARC = YES;
				CLANG_WARN_BOOL_CONVERSION = YES;
				CLANG_WARN_CONSTANT_CONVERSION = YES;
				CLANG_WARN_DIRECT_OBJC_ISA_USAGE = YES_ERROR;
				CLANG_WARN_EMPTY_BODY = YES;
				CLANG_WARN_ENUM_CONVERSION = YES;
				CLANG_WARN_INT_CONVERSION = YES;
				CLANG_WARN_OBJC_ROOT_CLASS = YES_ERROR;
				CLANG_WARN__DUPLICATE_METHOD_MATCH = YES;
				"CODE_SIGN_IDENTITY[sdk=iphoneos*]" = "iPhone Developer";
				COPY_PHASE_STRIP = NO;
				GCC_C_LANGUAGE_STANDARD = gnu99;
				GCC_DYNAMIC_NO_PIC = NO;
				GCC_OPTIMIZATION_LEVEL = 0;
				GCC_PREPROCESSOR_DEFINITIONS = (
					"DEBUG=1",
					"$(inherited)",
				);
				GCC_SYMBOLS_PRIVATE_EXTERN = NO;
				GCC_WARN_64_TO_32_BIT_CONVERSION = YES;
				GCC_WARN_ABOUT_RETURN_TYPE = YES_ERROR;
				GCC_WARN_UNDECLARED_SELECTOR = YES;
				GCC_WARN_UNINITIALIZED_AUTOS = YES;
				GCC_WARN_UNUSED_FUNCTION = YES;
				GCC_WARN_UNUSED_VARIABLE = YES;
				"HEADER_SEARCH_PATHS[arch=arm64]" = "\"$(SRCROOT)/ffmpeg/compiled/arm64/include\"";
				"HEADER_SEARCH_PATHS[arch=armv7]" = "\"$(SRCROOT)/ffmpeg/compiled/armv7-neon/include\"";
				"HEADER_SEARCH_PATHS[arch=armv7s]" = "\"$(SRCROOT)/ffmpeg/compiled/armv7s-neon/include\"";
				"HEADER_SEARCH_PATHS[sdk=iphonesimulator*]" = "\"$(SRCROOT)/ffmpeg/compiled/i386/include\"";
				IPHONEOS_DEPLOYMENT_TARGET = 7.0;
				"LIBRARY_SEARCH_PATHS[arch=arm64]" = "\"$(SRCROOT)/ffmpeg/compiled/arm64/lib\"";
				"LIBRARY_SEARCH_PATHS[arch=armv7]" = "\"$(SRCROOT)/ffmpeg/compiled/armv7-neon/lib\"";
				"LIBRARY_SEARCH_PATHS[arch=armv7s]" = "\"$(SRCROOT)/ffmpeg/compiled/armv7s-neon/lib\"";
				"LIBRARY_SEARCH_PATHS[sdk=iphonesimulator*]" = "\"$(SRCROOT)/ffmpeg/compiled/i386/lib\"";
				ONLY_ACTIVE_ARCH = YES;
				SDKROOT = iphoneos;
			};
			name = Debug;
		};
		9A860485187BE29300BA82BA /* Release */ = {
			isa = XCBuildConfiguration;
			buildSettings = {
				ALWAYS_SEARCH_USER_PATHS = NO;
				CLANG_CXX_LANGUAGE_STANDARD = "gnu++0x";
				CLANG_CXX_LIBRARY = "libc++";
				CLANG_ENABLE_MODULES = YES;
				CLANG_ENABLE_OBJC_ARC = YES;
				CLANG_WARN_BOOL_CONVERSION = YES;
				CLANG_WARN_CONSTANT_CONVERSION = YES;
				CLANG_WARN_DIRECT_OBJC_ISA_USAGE = YES_ERROR;
				CLANG_WARN_EMPTY_BODY = YES;
				CLANG_WARN_ENUM_CONVERSION = YES;
				CLANG_WARN_INT_CONVERSION = YES;
				CLANG_WARN_OBJC_ROOT_CLASS = YES_ERROR;
				CLANG_WARN__DUPLICATE_METHOD_MATCH = YES;
				"CODE_SIGN_IDENTITY[sdk=iphoneos*]" = "iPhone Developer";
				COPY_PHASE_STRIP = YES;
				ENABLE_NS_ASSERTIONS = NO;
				GCC_C_LANGUAGE_STANDARD = gnu99;
				GCC_WARN_64_TO_32_BIT_CONVERSION = YES;
				GCC_WARN_ABOUT_RETURN_TYPE = YES_ERROR;
				GCC_WARN_UNDECLARED_SELECTOR = YES;
				GCC_WARN_UNINITIALIZED_AUTOS = YES;
				GCC_WARN_UNUSED_FUNCTION = YES;
				GCC_WARN_UNUSED_VARIABLE = YES;
				"HEADER_SEARCH_PATHS[arch=arm64]" = "\"$(SRCROOT)/ffmpeg/compiled/arm64/include\"";
				"HEADER_SEARCH_PATHS[arch=armv7]" = "\"$(SRCROOT)/ffmpeg/compiled/armv7-neon/include\"";
				"HEADER_SEARCH_PATHS[arch=armv7s]" = "\"$(SRCROOT)/ffmpeg/compiled/armv7s-neon/include\"";
				"HEADER_SEARCH_PATHS[sdk=iphonesimulator*]" = "\"$(SRCROOT)/ffmpeg/compiled/i386/include\"";
				IPHONEOS_DEPLOYMENT_TARGET = 7.0;
				"LIBRARY_SEARCH_PATHS[arch=arm64]" = "\"$(SRCROOT)/ffmpeg/compiled/arm64/lib\"";
				"LIBRARY_SEARCH_PATHS[arch=armv7]" = "\"$(SRCROOT)/ffmpeg/compiled/armv7-neon/lib\"";
				"LIBRARY_SEARCH_PATHS[arch=armv7s]" = "\"$(SRCROOT)/ffmpeg/compiled/armv7s-neon/lib\"";
				"LIBRARY_SEARCH_PATHS[sdk=iphonesimulator*]" = "\"$(SRCROOT)/ffmpeg/compiled/i386/lib\"";
				ONLY_ACTIVE_ARCH = YES;
				SDKROOT = iphoneos;
				VALIDATE_PRODUCT = YES;
			};
			name = Release;
		};
		9A860487187BE29300BA82BA /* Debug */ = {
			isa = XCBuildConfiguration;
			buildSettings = {
				ALWAYS_SEARCH_USER_PATHS = NO;
				ASSETCATALOG_COMPILER_APPICON_NAME = AppIcon;
				ASSETCATALOG_COMPILER_LAUNCHIMAGE_NAME = LaunchImage;
				CODE_SIGN_ENTITLEMENTS = FFmpegAudioRecorder/FFmpegAudioRecorder.entitlements;
				CODE_SIGN_IDENTITY = "iPhone Developer";
				"CODE_SIGN_IDENTITY[sdk=iphoneos*]" = "iPhone Developer";
				GCC_PRECOMPILE_PREFIX_HEADER = YES;
				GCC_PREFIX_HEADER = "FFmpegAudioRecorder/FFmpegAudioRecorder-Prefix.pch";
				INFOPLIST_FILE = "FFmpegAudioRecorder/FFmpegAudioRecorder-Info.plist";
				IPHONEOS_DEPLOYMENT_TARGET = 7.0;
				LIBRARY_SEARCH_PATHS = (
					"$(inherited)",
					/Users/liaokuohsun/Work/FFmpegAudioRecorder/FFmpegAudioRecorder,
					/Users/liaokuohsun/Work/FFmpegAudioRecorder/ffmpeg/compiled/i386/lib,
				);
				PRODUCT_NAME = "$(TARGET_NAME)";
				PROVISIONING_PROFILE = "";
				TARGETED_DEVICE_FAMILY = 1;
				WRAPPER_EXTENSION = app;
			};
			name = Debug;
		};
		9A860488187BE29300BA82BA /* Release */ = {
			isa = XCBuildConfiguration;
			buildSettings = {
				ALWAYS_SEARCH_USER_PATHS = NO;
				ASSETCATALOG_COMPILER_APPICON_NAME = AppIcon;
				ASSETCATALOG_COMPILER_LAUNCHIMAGE_NAME = LaunchImage;
				CODE_SIGN_ENTITLEMENTS = FFmpegAudioRecorder/FFmpegAudioRecorder.entitlements;
				CODE_SIGN_IDENTITY = "iPhone Developer";
				"CODE_SIGN_IDENTITY[sdk=iphoneos*]" = "iPhone Developer";
				GCC_PRECOMPILE_PREFIX_HEADER = YES;
				GCC_PREFIX_HEADER = "FFmpegAudioRecorder/FFmpegAudioRecorder-Prefix.pch";
				INFOPLIST_FILE = "FFmpegAudioRecorder/FFmpegAudioRecorder-Info.plist";
				IPHONEOS_DEPLOYMENT_TARGET = 7.0;
				LIBRARY_SEARCH_PATHS = (
					"$(inherited)",
					/Users/liaokuohsun/Work/FFmpegAudioRecorder/FFmpegAudioRecorder,
					/Users/liaokuohsun/Work/FFmpegAudioRecorder/ffmpeg/compiled/i386/lib,
				);
				PRODUCT_NAME = "$(TARGET_NAME)";
				PROVISIONING_PROFILE = "";
				TARGETED_DEVICE_FAMILY = 1;
				WRAPPER_EXTENSION = app;
			};
			name = Release;
		};
		9A86048A187BE29300BA82BA /* Debug */ = {
			isa = XCBuildConfiguration;
			buildSettings = {
				BUNDLE_LOADER = "$(BUILT_PRODUCTS_DIR)/FFmpegAudioRecorder.app/FFmpegAudioRecorder";
				FRAMEWORK_SEARCH_PATHS = (
					"$(SDKROOT)/Developer/Library/Frameworks",
					"$(inherited)",
					"$(DEVELOPER_FRAMEWORKS_DIR)",
				);
				GCC_PRECOMPILE_PREFIX_HEADER = YES;
				GCC_PREFIX_HEADER = "FFmpegAudioRecorder/FFmpegAudioRecorder-Prefix.pch";
				GCC_PREPROCESSOR_DEFINITIONS = (
					"DEBUG=1",
					"$(inherited)",
				);
				INFOPLIST_FILE = "FFmpegAudioRecorderTests/FFmpegAudioRecorderTests-Info.plist";
				PRODUCT_NAME = "$(TARGET_NAME)";
				TEST_HOST = "$(BUNDLE_LOADER)";
				WRAPPER_EXTENSION = xctest;
			};
			name = Debug;
		};
		9A86048B187BE29300BA82BA /* Release */ = {
			isa = XCBuildConfiguration;
			buildSettings = {
				BUNDLE_LOADER = "$(BUILT_PRODUCTS_DIR)/FFmpegAudioRecorder.app/FFmpegAudioRecorder";
				FRAMEWORK_SEARCH_PATHS = (
					"$(SDKROOT)/Developer/Library/Frameworks",
					"$(inherited)",
					"$(DEVELOPER_FRAMEWORKS_DIR)",
				);
				GCC_PRECOMPILE_PREFIX_HEADER = YES;
				GCC_PREFIX_HEADER = "FFmpegAudioRecorder/FFmpegAudioRecorder-Prefix.pch";
				INFOPLIST_FILE = "FFmpegAudioRecorderTests/FFmpegAudioRecorderTests-Info.plist";
				PRODUCT_NAME = "$(TARGET_NAME)";
				TEST_HOST = "$(BUNDLE_LOADER)";
				WRAPPER_EXTENSION = xctest;
			};
			name = Release;
		};
/* End XCBuildConfiguration section */

/* Begin XCConfigurationList section */
		9A86044F187BE29300BA82BA /* Build configuration list for PBXProject "FFmpegAudioRecorder" */ = {
			isa = XCConfigurationList;
			buildConfigurations = (
				9A860484187BE29300BA82BA /* Debug */,
				9A860485187BE29300BA82BA /* Release */,
			);
			defaultConfigurationIsVisible = 0;
			defaultConfigurationName = Release;
		};
		9A860486187BE29300BA82BA /* Build configuration list for PBXNativeTarget "FFmpegAudioRecorder" */ = {
			isa = XCConfigurationList;
			buildConfigurations = (
				9A860487187BE29300BA82BA /* Debug */,
				9A860488187BE29300BA82BA /* Release */,
			);
			defaultConfigurationIsVisible = 0;
			defaultConfigurationName = Release;
		};
		9A860489187BE29300BA82BA /* Build configuration list for PBXNativeTarget "FFmpegAudioRecorderTests" */ = {
			isa = XCConfigurationList;
			buildConfigurations = (
				9A86048A187BE29300BA82BA /* Debug */,
				9A86048B187BE29300BA82BA /* Release */,
			);
			defaultConfigurationIsVisible = 0;
			defaultConfigurationName = Release;
		};
/* End XCConfigurationList section */
	};
	rootObject = 9A86044C187BE29300BA82BA /* Project object */;
}
